Microsoft Visual Studio Solution File, Format Version 12.00
# Visual Studio Version 17
VisualStudioVersion = 17.5.2.0
MinimumVisualStudioVersion = 10.0.40219.1
Project("{FAE04EC0-301F-11D3-BF4B-00C04F79EFBC}") = "MinimalNtCore", "MinimalNtCore.csproj", "{FF10284D-A22E-0363-6756-EBD3CDCCECE3}"
EndProject
Global
	GlobalSection(SolutionConfigurationPlatforms) = preSolution
		Debug|Any CPU = Debug|Any CPU
		Release|Any CPU = Release|Any CPU
	EndGlobalSection
	GlobalSection(ProjectConfigurationPlatforms) = postSolution
		{FF10284D-A22E-0363-6756-EBD3CDCCECE3}.Debug|Any CPU.ActiveCfg = Debug|Any CPU
		{FF10284D-A22E-0363-6756-EBD3CDCCECE3}.Debug|Any CPU.Build.0 = Debug|Any CPU
		{FF10284D-A22E-0363-6756-EBD3CDCCECE3}.Release|Any CPU.ActiveCfg = Release|Any CPU
		{FF10284D-A22E-0363-6756-EBD3CDCCECE3}.Release|Any CPU.Build.0 = Release|Any CPU
	EndGlobalSection
	GlobalSection(SolutionProperties) = preSolution
		HideSolutionNode = FALSE
	EndGlobalSection
	GlobalSection(ExtensibilityGlobals) = postSolution
		SolutionGuid = {35A843E9-ECC4-47C1-B853-88706C0B8F70}
	EndGlobalSection
EndGlobal
